Microsoft Visual Studio Solution File, Format Version 12.00
# Visual Studio Version 16
VisualStudioVersion = 16.0.0.0
MinimumVisualStudioVersion = 16.0.0.0
Project("{9A19103F-16F7-4668-BE54-9A1E7A4F7556}") = "StrideTerrain.Windows", "StrideTerrain.Windows\StrideTerrain.Windows.csproj", "{6A14E436-AAF7-4951-9D2C-B9A3218EB716}"
EndProject
Project("{9A19103F-16F7-4668-BE54-9A1E7A4F7556}") = "StrideTerrain.Game", "StrideTerrain.Game\StrideTerrain.Game.csproj", "{7B74182A-F2BC-4F61-864C-35342BA00B71}"
EndProject
Global
	GlobalSection(SolutionConfigurationPlatforms) = preSolution
		Debug|Any CPU = Debug|Any CPU
		Release|Any CPU = Release|Any CPU
	EndGlobalSection
	GlobalSection(ProjectConfigurationPlatforms) = postSolution
		{6A14E436-AAF7-4951-9D2C-B9A3218EB716}.Debug|Any CPU.ActiveCfg = Debug|Any CPU
		{6A14E436-AAF7-4951-9D2C-B9A3218EB716}.Debug|Any CPU.Build.0 = Debug|Any CPU
		{6A14E436-AAF7-4951-9D2C-B9A3218EB716}.Release|Any CPU.ActiveCfg = Release|Any CPU
		{6A14E436-AAF7-4951-9D2C-B9A3218EB716}.Release|Any CPU.Build.0 = Release|Any CPU
		{7B74182A-F2BC-4F61-864C-35342BA00B71}.Debug|Any CPU.ActiveCfg = Debug|Any CPU
		{7B74182A-F2BC-4F61-864C-35342BA00B71}.Debug|Any CPU.Build.0 = Debug|Any CPU
		{7B74182A-F2BC-4F61-864C-35342BA00B71}.Release|Any CPU.ActiveCfg = Release|Any CPU
		{7B74182A-F2BC-4F61-864C-35342BA00B71}.Release|Any CPU.Build.0 = Release|Any CPU
	EndGlobalSection
	GlobalSection(SolutionProperties) = preSolution
		HideSolutionNode = FALSE
	EndGlobalSection
	GlobalSection(ExtensibilityGlobals) = postSolution
		SolutionGuid = {718E8151-367D-4DB7-A21D-1E7F5E19B691}
	EndGlobalSection
EndGlobal
